
Microsoft Visual Studio Solution File, Format Version 12.00
# Visual Studio Version 16
VisualStudioVersion = 16.0.31205.134
MinimumVisualStudioVersion = 10.0.40219.1
Project("{FAE04EC0-301F-11D3-BF4B-00C04F79EFBC}") = "EurekaApp", "EurekaApp\EurekaApp.csproj", "{6B38FE40-9794-4E8A-A3F2-2F0CE53C3005}"
EndProject
Project("{FAE04EC0-301F-11D3-BF4B-00C04F79EFBC}") = "CadaServicios", "CadaServicios\CadaServicios.csproj", "{5C954C48-5099-4B89-BCF9-895C96C51692}"
EndProject
Project("{FAE04EC0-301F-11D3-BF4B-00C04F79EFBC}") = "CapaModelo", "CapaModelo\CapaModelo.csproj", "{B68784B6-4790-4B4A-8631-18C36C7F97D0}"
EndProject
Global
	GlobalSection(SolutionConfigurationPlatforms) = preSolution
		Debug|Any CPU = Debug|Any CPU
		Release|Any CPU = Release|Any CPU
	EndGlobalSection
	GlobalSection(ProjectConfigurationPlatforms) = postSolution
		{6B38FE40-9794-4E8A-A3F2-2F0CE53C3005}.Debug|Any CPU.ActiveCfg = Debug|Any CPU
		{6B38FE40-9794-4E8A-A3F2-2F0CE53C3005}.Debug|Any CPU.Build.0 = Debug|Any CPU
		{6B38FE40-9794-4E8A-A3F2-2F0CE53C3005}.Release|Any CPU.ActiveCfg = Release|Any CPU
		{6B38FE40-9794-4E8A-A3F2-2F0CE53C3005}.Release|Any CPU.Build.0 = Release|Any CPU
		{5C954C48-5099-4B89-BCF9-895C96C51692}.Debug|Any CPU.ActiveCfg = Debug|Any CPU
		{5C954C48-5099-4B89-BCF9-895C96C51692}.Debug|Any CPU.Build.0 = Debug|Any CPU
		{5C954C48-5099-4B89-BCF9-895C96C51692}.Release|Any CPU.ActiveCfg = Release|Any CPU
		{5C954C48-5099-4B89-BCF9-895C96C51692}.Release|Any CPU.Build.0 = Release|Any CPU
		{B68784B6-4790-4B4A-8631-18C36C7F97D0}.Debug|Any CPU.ActiveCfg = Debug|Any CPU
		{B68784B6-4790-4B4A-8631-18C36C7F97D0}.Debug|Any CPU.Build.0 = Debug|Any CPU
		{B68784B6-4790-4B4A-8631-18C36C7F97D0}.Release|Any CPU.ActiveCfg = Release|Any CPU
		{B68784B6-4790-4B4A-8631-18C36C7F97D0}.Release|Any CPU.Build.0 = Release|Any CPU
	EndGlobalSection
	GlobalSection(SolutionProperties) = preSolution
		HideSolutionNode = FALSE
	EndGlobalSection
	GlobalSection(ExtensibilityGlobals) = postSolution
		SolutionGuid = {EC876AAC-003C-43DF-80D1-1AA866241F22}
	EndGlobalSection
EndGlobal
